
Microsoft Visual Studio Solution File, Format Version 12.00
# Visual Studio Version 17
VisualStudioVersion = 17.3.32901.215
MinimumVisualStudioVersion = 10.0.40219.1
Project("{2150E333-8FDC-42A3-9474-1A3956D46DE8}") = "FrontEnd", "FrontEnd", "{F52B414E-3C44-4661-9C04-B7915B1AA461}"
EndProject
Project("{2150E333-8FDC-42A3-9474-1A3956D46DE8}") = "Service", "Service", "{DC65BB88-A916-4896-AFBF-1F053AEB48A0}"
EndProject
Project("{9A19103F-16F7-4668-BE54-9A1E7A4F7556}") = "GeekShopping.Web", "GeekShopping.Web\GeekShopping.Web.csproj", "{D0541EE7-1F94-4D73-B408-1F5EA2F392E2}"
EndProject
Project("{9A19103F-16F7-4668-BE54-9A1E7A4F7556}") = "GeekShopping.ProductAPI", "GeekShopping.ProductAPI\GeekShopping.ProductAPI.csproj", "{A4DA4C85-4715-43E1-B6E6-0B965CD41576}"
EndProject
Project("{9A19103F-16F7-4668-BE54-9A1E7A4F7556}") = "GeekShopping.IdentityServer", "GeekShopping.IdentityServer\GeekShopping.IdentityServer.csproj", "{2B453794-B848-42C6-8107-8BB321052C75}"
EndProject
Project("{9A19103F-16F7-4668-BE54-9A1E7A4F7556}") = "GeekShopping.CartAPI", "GeekShopping.CartAPI\GeekShopping.CartAPI.csproj", "{E24D7577-EB3E-4549-9B5D-C8C01406B5B8}"
EndProject
Project("{9A19103F-16F7-4668-BE54-9A1E7A4F7556}") = "GeekShopping.CouponAPI", "GeekShopping.CouponAPI\GeekShopping.CouponAPI.csproj", "{3D28B664-E698-45A5-B727-F7DD37A1FF29}"
EndProject
Project("{2150E333-8FDC-42A3-9474-1A3956D46DE8}") = "Integration", "Integration", "{301E55D9-787E-4BF1-B507-245302BDE5D3}"
EndProject
Project("{9A19103F-16F7-4668-BE54-9A1E7A4F7556}") = "GeekShopping.MessageBus", "GeekShopping.MessageBus\GeekShopping.MessageBus.csproj", "{27C4E699-5640-49B0-882E-597A2A274689}"
EndProject
Project("{9A19103F-16F7-4668-BE54-9A1E7A4F7556}") = "GeekShopping.OrderAPI", "GeekShopping.OrderAPI\GeekShopping.OrderAPI.csproj", "{DAAA96DC-6544-4210-9A10-7818D37F95CC}"
EndProject
Project("{2150E333-8FDC-42A3-9474-1A3956D46DE8}") = "Payments", "Payments", "{7179CFAC-4E91-4157-AFB3-59D0AAFC82C3}"
EndProject
Project("{FAE04EC0-301F-11D3-BF4B-00C04F79EFBC}") = "GeekShopping.PaymentProcessor", "GeekShopping.PaymentProcessor\GeekShopping.PaymentProcessor.csproj", "{AD32A6F2-E9D4-415E-8ACB-F03FD2391980}"
EndProject
Global
	GlobalSection(SolutionConfigurationPlatforms) = preSolution
		Debug|Any CPU = Debug|Any CPU
		Release|Any CPU = Release|Any CPU
	EndGlobalSection
	GlobalSection(ProjectConfigurationPlatforms) = postSolution
		{D0541EE7-1F94-4D73-B408-1F5EA2F392E2}.Debug|Any CPU.ActiveCfg = Debug|Any CPU
		{D0541EE7-1F94-4D73-B408-1F5EA2F392E2}.Debug|Any CPU.Build.0 = Debug|Any CPU
		{D0541EE7-1F94-4D73-B408-1F5EA2F392E2}.Release|Any CPU.ActiveCfg = Release|Any CPU
		{D0541EE7-1F94-4D73-B408-1F5EA2F392E2}.Release|Any CPU.Build.0 = Release|Any CPU
		{A4DA4C85-4715-43E1-B6E6-0B965CD41576}.Debug|Any CPU.ActiveCfg = Debug|Any CPU
		{A4DA4C85-4715-43E1-B6E6-0B965CD41576}.Debug|Any CPU.Build.0 = Debug|Any CPU
		{A4DA4C85-4715-43E1-B6E6-0B965CD41576}.Release|Any CPU.ActiveCfg = Release|Any CPU
		{A4DA4C85-4715-43E1-B6E6-0B965CD41576}.Release|Any CPU.Build.0 = Release|Any CPU
		{2B453794-B848-42C6-8107-8BB321052C75}.Debug|Any CPU.ActiveCfg = Debug|Any CPU
		{2B453794-B848-42C6-8107-8BB321052C75}.Debug|Any CPU.Build.0 = Debug|Any CPU
		{2B453794-B848-42C6-8107-8BB321052C75}.Release|Any CPU.ActiveCfg = Release|Any CPU
		{2B453794-B848-42C6-8107-8BB321052C75}.Release|Any CPU.Build.0 = Release|Any CPU
		{E24D7577-EB3E-4549-9B5D-C8C01406B5B8}.Debug|Any CPU.ActiveCfg = Debug|Any CPU
		{E24D7577-EB3E-4549-9B5D-C8C01406B5B8}.Debug|Any CPU.Build.0 = Debug|Any CPU
		{E24D7577-EB3E-4549-9B5D-C8C01406B5B8}.Release|Any CPU.ActiveCfg = Release|Any CPU
		{E24D7577-EB3E-4549-9B5D-C8C01406B5B8}.Release|Any CPU.Build.0 = Release|Any CPU
		{3D28B664-E698-45A5-B727-F7DD37A1FF29}.Debug|Any CPU.ActiveCfg = Debug|Any CPU
		{3D28B664-E698-45A5-B727-F7DD37A1FF29}.Debug|Any CPU.Build.0 = Debug|Any CPU
		{3D28B664-E698-45A5-B727-F7DD37A1FF29}.Release|Any CPU.ActiveCfg = Release|Any CPU
		{3D28B664-E698-45A5-B727-F7DD37A1FF29}.Release|Any CPU.Build.0 = Release|Any CPU
		{27C4E699-5640-49B0-882E-597A2A274689}.Debug|Any CPU.ActiveCfg = Debug|Any CPU
		{27C4E699-5640-49B0-882E-597A2A274689}.Debug|Any CPU.Build.0 = Debug|Any CPU
		{27C4E699-5640-49B0-882E-597A2A274689}.Release|Any CPU.ActiveCfg = Release|Any CPU
		{27C4E699-5640-49B0-882E-597A2A274689}.Release|Any CPU.Build.0 = Release|Any CPU
		{DAAA96DC-6544-4210-9A10-7818D37F95CC}.Debug|Any CPU.ActiveCfg = Debug|Any CPU
		{DAAA96DC-6544-4210-9A10-7818D37F95CC}.Debug|Any CPU.Build.0 = Debug|Any CPU
		{DAAA96DC-6544-4210-9A10-7818D37F95CC}.Release|Any CPU.ActiveCfg = Release|Any CPU
		{DAAA96DC-6544-4210-9A10-7818D37F95CC}.Release|Any CPU.Build.0 = Release|Any CPU
		{AD32A6F2-E9D4-415E-8ACB-F03FD2391980}.Debug|Any CPU.ActiveCfg = Debug|Any CPU
		{AD32A6F2-E9D4-415E-8ACB-F03FD2391980}.Debug|Any CPU.Build.0 = Debug|Any CPU
		{AD32A6F2-E9D4-415E-8ACB-F03FD2391980}.Release|Any CPU.ActiveCfg = Release|Any CPU
		{AD32A6F2-E9D4-415E-8ACB-F03FD2391980}.Release|Any CPU.Build.0 = Release|Any CPU
	EndGlobalSection
	GlobalSection(SolutionProperties) = preSolution
		HideSolutionNode = FALSE
	EndGlobalSection
	GlobalSection(NestedProjects) = preSolution
		{D0541EE7-1F94-4D73-B408-1F5EA2F392E2} = {F52B414E-3C44-4661-9C04-B7915B1AA461}
		{A4DA4C85-4715-43E1-B6E6-0B965CD41576} = {DC65BB88-A916-4896-AFBF-1F053AEB48A0}
		{2B453794-B848-42C6-8107-8BB321052C75} = {DC65BB88-A916-4896-AFBF-1F053AEB48A0}
		{E24D7577-EB3E-4549-9B5D-C8C01406B5B8} = {DC65BB88-A916-4896-AFBF-1F053AEB48A0}
		{3D28B664-E698-45A5-B727-F7DD37A1FF29} = {DC65BB88-A916-4896-AFBF-1F053AEB48A0}
		{27C4E699-5640-49B0-882E-597A2A274689} = {301E55D9-787E-4BF1-B507-245302BDE5D3}
		{DAAA96DC-6544-4210-9A10-7818D37F95CC} = {DC65BB88-A916-4896-AFBF-1F053AEB48A0}
		{AD32A6F2-E9D4-415E-8ACB-F03FD2391980} = {7179CFAC-4E91-4157-AFB3-59D0AAFC82C3}
	EndGlobalSection
	GlobalSection(ExtensibilityGlobals) = postSolution
		SolutionGuid = {083E0C00-ABDF-4B51-B1B5-481A5FB37CB3}
	EndGlobalSection
EndGlobal
