
Microsoft Visual Studio Solution File, Format Version 12.00
# Visual Studio Version 17
VisualStudioVersion = 17.2.32630.192
MinimumVisualStudioVersion = 10.0.40219.1
Project("{2150E333-8FDC-42A3-9474-1A3956D46DE8}") = "FrontEnd", "FrontEnd", "{5AF68DBE-BC82-488E-B40A-21DB9CEC98B9}"
EndProject
Project("{2150E333-8FDC-42A3-9474-1A3956D46DE8}") = "Services", "Services", "{F7E85B3A-5633-4E9D-B5EC-6D031250384A}"
EndProject
Project("{FAE04EC0-301F-11D3-BF4B-00C04F79EFBC}") = "GeekShopping.ProductAPI", "GeekShopping.ProductAPI\GeekShopping.ProductAPI.csproj", "{4B667BBB-90DC-4FD5-AE99-A050F7B57726}"
EndProject
Project("{FAE04EC0-301F-11D3-BF4B-00C04F79EFBC}") = "GeekShopping.Web", "GeekShopping.Web\GeekShopping.Web.csproj", "{F541120C-8B91-40B4-A8C6-DB0D1A869AD4}"
EndProject
Global
	GlobalSection(SolutionConfigurationPlatforms) = preSolution
		Debug|Any CPU = Debug|Any CPU
		Release|Any CPU = Release|Any CPU
	EndGlobalSection
	GlobalSection(ProjectConfigurationPlatforms) = postSolution
		{4B667BBB-90DC-4FD5-AE99-A050F7B57726}.Debug|Any CPU.ActiveCfg = Debug|Any CPU
		{4B667BBB-90DC-4FD5-AE99-A050F7B57726}.Debug|Any CPU.Build.0 = Debug|Any CPU
		{4B667BBB-90DC-4FD5-AE99-A050F7B57726}.Release|Any CPU.ActiveCfg = Release|Any CPU
		{4B667BBB-90DC-4FD5-AE99-A050F7B57726}.Release|Any CPU.Build.0 = Release|Any CPU
		{F541120C-8B91-40B4-A8C6-DB0D1A869AD4}.Debug|Any CPU.ActiveCfg = Debug|Any CPU
		{F541120C-8B91-40B4-A8C6-DB0D1A869AD4}.Debug|Any CPU.Build.0 = Debug|Any CPU
		{F541120C-8B91-40B4-A8C6-DB0D1A869AD4}.Release|Any CPU.ActiveCfg = Release|Any CPU
		{F541120C-8B91-40B4-A8C6-DB0D1A869AD4}.Release|Any CPU.Build.0 = Release|Any CPU
	EndGlobalSection
	GlobalSection(SolutionProperties) = preSolution
		HideSolutionNode = FALSE
	EndGlobalSection
	GlobalSection(NestedProjects) = preSolution
		{4B667BBB-90DC-4FD5-AE99-A050F7B57726} = {F7E85B3A-5633-4E9D-B5EC-6D031250384A}
		{F541120C-8B91-40B4-A8C6-DB0D1A869AD4} = {5AF68DBE-BC82-488E-B40A-21DB9CEC98B9}
	EndGlobalSection
	GlobalSection(ExtensibilityGlobals) = postSolution
		SolutionGuid = {3E9A2F93-7109-4659-BD0D-AA1770BA33DE}
	EndGlobalSection
EndGlobal
